
Microsoft Visual Studio Solution File, Format Version 12.00
# Visual Studio Version 16
VisualStudioVersion = 16.0.31829.152
MinimumVisualStudioVersion = 10.0.40219.1
Project("{FAE04EC0-301F-11D3-BF4B-00C04F79EFBC}") = "ExamArea51", "ExamArea51\ExamArea51.csproj", "{80647ED7-E280-4F6C-848B-716228A910FB}"
EndProject
Global
	GlobalSection(SolutionConfigurationPlatforms) = preSolution
		Debug|Any CPU = Debug|Any CPU
		Release|Any CPU = Release|Any CPU
	EndGlobalSection
	GlobalSection(ProjectConfigurationPlatforms) = postSolution
		{80647ED7-E280-4F6C-848B-716228A910FB}.Debug|Any CPU.ActiveCfg = Debug|Any CPU
		{80647ED7-E280-4F6C-848B-716228A910FB}.Debug|Any CPU.Build.0 = Debug|Any CPU
		{80647ED7-E280-4F6C-848B-716228A910FB}.Release|Any CPU.ActiveCfg = Release|Any CPU
		{80647ED7-E280-4F6C-848B-716228A910FB}.Release|Any CPU.Build.0 = Release|Any CPU
	EndGlobalSection
	GlobalSection(SolutionProperties) = preSolution
		HideSolutionNode = FALSE
	EndGlobalSection
	GlobalSection(ExtensibilityGlobals) = postSolution
		SolutionGuid = {59B78407-522B-4E3F-BFF3-B1B9413BC29E}
	EndGlobalSection
EndGlobal
